// !$*UTF8*$!
{
	archiveVersion = 1;
	classes = {
	};
	objectVersion = 46;
	objects = {

/* Begin PBXBuildFile section */
		5854B7A2DD32E564603535B8 /* Pods_installSDK.framework in Frameworks */ = {isa = PBXBuildFile; fileRef = 3062A6EA657B8DC0077488EE /* Pods_installSDK.framework */; settings = {ATTRIBUTES = (Weak, ); }; };
		BE3CEF481B37ADCE00E5B98C /* main.m in Sources */ = {isa = PBXBuildFile; fileRef = BE3CEF471B37ADCE00E5B98C /* main.m */; };
		BE3CEF4B1B37ADCE00E5B98C /* AppDelegate.m in Sources */ = {isa = PBXBuildFile; fileRef = BE3CEF4A1B37ADCE00E5B98C /* AppDelegate.m */; };
		BE3CEF4E1B37ADCE00E5B98C /* ViewController.m in Sources */ = {isa = PBXBuildFile; fileRef = BE3CEF4D1B37ADCE00E5B98C /* ViewController.m */; };
		BE3CEF511B37ADCE00E5B98C /* Main.storyboard in Resources */ = {isa = PBXBuildFile; fileRef = BE3CEF4F1B37ADCE00E5B98C /* Main.storyboard */; };
		BE3CEF531B37ADCE00E5B98C /* Images.xcassets in Resources */ = {isa = PBXBuildFile; fileRef = BE3CEF521B37ADCE00E5B98C /* Images.xcassets */; };
		BE3CEF561B37ADCE00E5B98C /* LaunchScreen.xib in Resources */ = {isa = PBXBuildFile; fileRef = BE3CEF541B37ADCE00E5B98C /* LaunchScreen.xib */; };
		BE3CEF621B37ADCE00E5B98C /* installSDKTests.m in Sources */ = {isa = PBXBuildFile; fileRef = BE3CEF611B37ADCE00E5B98C /* installSDKTests.m */; };
/* End PBXBuildFile section */

/* Begin PBXContainerItemProxy section */
		BE3CEF5C1B37ADCE00E5B98C /* PBXContainerItemProxy */ = {
			isa = PBXContainerItemProxy;
			containerPortal = BE3CEF3A1B37ADCE00E5B98C /* Project object */;
			proxyType = 1;
			remoteGlobalIDString = BE3CEF411B37ADCE00E5B98C;
			remoteInfo = installSDK;
		};
/* End PBXContainerItemProxy section */

/* Begin PBXFileReference section */
		128B2791F422B01205DCC88D /* Pods-installSDK.debug.xcconfig */ = {isa = PBXFileReference; includeInIndex = 1; lastKnownFileType = text.xcconfig; name = "Pods-installSDK.debug.xcconfig"; path = "Pods/Target Support Files/Pods-installSDK/Pods-installSDK.debug.xcconfig"; sourceTree = "<group>"; };
		3062A6EA657B8DC0077488EE /* Pods_installSDK.framework */ = {isa = PBXFileReference; explicitFileType = wrapper.framework; includeInIndex = 0; path = Pods_installSDK.framework; sourceTree = BUILT_PRODUCTS_DIR; };
		47B4A6B3308766CF8E2CB5E4 /* Pods-installSDK.release.xcconfig */ = {isa = PBXFileReference; includeInIndex = 1; lastKnownFileType = text.xcconfig; name = "Pods-installSDK.release.xcconfig"; path = "Pods/Target Support Files/Pods-installSDK/Pods-installSDK.release.xcconfig"; sourceTree = "<group>"; };
		BE3CEF421B37ADCE00E5B98C /* installSDK.app */ = {isa = PBXFileReference; explicitFileType = wrapper.application; includeInIndex = 0; path = installSDK.app; sourceTree = BUILT_PRODUCTS_DIR; };
		BE3CEF461B37ADCE00E5B98C /* Info.plist */ = {isa = PBXFileReference; lastKnownFileType = text.plist.xml; path = Info.plist; sourceTree = "<group>"; };
		BE3CEF471B37ADCE00E5B98C /* main.m */ = {isa = PBXFileReference; lastKnownFileType = sourcecode.c.objc; path = main.m; sourceTree = "<group>"; };
		BE3CEF491B37ADCE00E5B98C /* AppDelegate.h */ = {isa = PBXFileReference; lastKnownFileType = sourcecode.c.h; path = AppDelegate.h; sourceTree = "<group>"; };
		BE3CEF4A1B37ADCE00E5B98C /* AppDelegate.m */ = {isa = PBXFileReference; lastKnownFileType = sourcecode.c.objc; path = AppDelegate.m; sourceTree = "<group>"; };
		BE3CEF4C1B37ADCE00E5B98C /* ViewController.h */ = {isa = PBXFileReference; lastKnownFileType = sourcecode.c.h; path = ViewController.h; sourceTree = "<group>"; };
		BE3CEF4D1B37ADCE00E5B98C /* ViewController.m */ = {isa = PBXFileReference; lastKnownFileType = sourcecode.c.objc; path = ViewController.m; sourceTree = "<group>"; };
		BE3CEF501B37ADCE00E5B98C /* Base */ = {isa = PBXFileReference; lastKnownFileType = file.storyboard; name = Base; path = Base.lproj/Main.storyboard; sourceTree = "<group>"; };
		BE3CEF521B37ADCE00E5B98C /* Images.xcassets */ = {isa = PBXFileReference; lastKnownFileType = folder.assetcatalog; path = Images.xcassets; sourceTree = "<group>"; };
		BE3CEF551B37ADCE00E5B98C /* Base */ = {isa = PBXFileReference; lastKnownFileType = file.xib; name = Base; path = Base.lproj/LaunchScreen.xib; sourceTree = "<group>"; };
		BE3CEF5B1B37ADCE00E5B98C /* installSDKTests.xctest */ = {isa = PBXFileReference; explicitFileType = wrapper.cfbundle; includeInIndex = 0; path = installSDKTests.xctest; sourceTree = BUILT_PRODUCTS_DIR; };
		BE3CEF601B37ADCE00E5B98C /* Info.plist */ = {isa = PBXFileReference; lastKnownFileType = text.plist.xml; path = Info.plist; sourceTree = "<group>"; };
		BE3CEF611B37ADCE00E5B98C /* installSDKTests.m */ = {isa = PBXFileReference; lastKnownFileType = sourcecode.c.objc; path = installSDKTests.m; sourceTree = "<group>"; };
/* End PBXFileReference section */

/* Begin PBXFrameworksBuildPhase section */
		BE3CEF3F1B37ADCE00E5B98C /* Frameworks */ = {
			isa = PBXFrameworksBuildPhase;
			buildActionMask = 2147483647;
			files = (
				5854B7A2DD32E564603535B8 /* Pods_installSDK.framework in Frameworks */,
			);
			runOnlyForDeploymentPostprocessing = 0;
		};
		BE3CEF581B37ADCE00E5B98C /* Frameworks */ = {
			isa = PBXFrameworksBuildPhase;
			buildActionMask = 2147483647;
			files = (
			);
			runOnlyForDeploymentPostprocessing = 0;
		};
/* End PBXFrameworksBuildPhase section */

/* Begin PBXGroup section */
		7E7E02FABF6B2C4661A918FA /* Frameworks */ = {
			isa = PBXGroup;
			children = (
				3062A6EA657B8DC0077488EE /* Pods_installSDK.framework */,
			);
			name = Frameworks;
			sourceTree = "<group>";
		};
		BE3CEF391B37ADCE00E5B98C = {
			isa = PBXGroup;
			children = (
				BE3CEF441B37ADCE00E5B98C /* installSDK */,
				BE3CEF5E1B37ADCE00E5B98C /* installSDKTests */,
				BE3CEF431B37ADCE00E5B98C /* Products */,
				CE5E0D63223F42E61FB91BC0 /* Pods */,
				7E7E02FABF6B2C4661A918FA /* Frameworks */,
			);
			sourceTree = "<group>";
		};
		BE3CEF431B37ADCE00E5B98C /* Products */ = {
			isa = PBXGroup;
			children = (
				BE3CEF421B37ADCE00E5B98C /* installSDK.app */,
				BE3CEF5B1B37ADCE00E5B98C /* installSDKTests.xctest */,
			);
			name = Products;
			sourceTree = "<group>";
		};
		BE3CEF441B37ADCE00E5B98C /* installSDK */ = {
			isa = PBXGroup;
			children = (
				BE3CEF491B37ADCE00E5B98C /* AppDelegate.h */,
				BE3CEF4A1B37ADCE00E5B98C /* AppDelegate.m */,
				BE3CEF4C1B37ADCE00E5B98C /* ViewController.h */,
				BE3CEF4D1B37ADCE00E5B98C /* ViewController.m */,
				BE3CEF4F1B37ADCE00E5B98C /* Main.storyboard */,
				BE3CEF521B37ADCE00E5B98C /* Images.xcassets */,
				BE3CEF541B37ADCE00E5B98C /* LaunchScreen.xib */,
				BE3CEF451B37ADCE00E5B98C /* Supporting Files */,
			);
			path = installSDK;
			sourceTree = "<group>";
		};
		BE3CEF451B37ADCE00E5B98C /* Supporting Files */ = {
			isa = PBXGroup;
			children = (
				BE3CEF461B37ADCE00E5B98C /* Info.plist */,
				BE3CEF471B37ADCE00E5B98C /* main.m */,
			);
			name = "Supporting Files";
			sourceTree = "<group>";
		};
		BE3CEF5E1B37ADCE00E5B98C /* installSDKTests */ = {
			isa = PBXGroup;
			children = (
				BE3CEF611B37ADCE00E5B98C /* installSDKTests.m */,
				BE3CEF5F1B37ADCE00E5B98C /* Supporting Files */,
			);
			path = installSDKTests;
			sourceTree = "<group>";
		};
		BE3CEF5F1B37ADCE00E5B98C /* Supporting Files */ = {
			isa = PBXGroup;
			children = (
				BE3CEF601B37ADCE00E5B98C /* Info.plist */,
			);
			name = "Supporting Files";
			sourceTree = "<group>";
		};
		CE5E0D63223F42E61FB91BC0 /* Pods */ = {
			isa = PBXGroup;
			children = (
				128B2791F422B01205DCC88D /* Pods-installSDK.debug.xcconfig */,
				47B4A6B3308766CF8E2CB5E4 /* Pods-installSDK.release.xcconfig */,
			);
			name = Pods;
			sourceTree = "<group>";
		};
/* End PBXGroup section */

/* Begin PBXNativeTarget section */
		BE3CEF411B37ADCE00E5B98C /* installSDK */ = {
			isa = PBXNativeTarget;
			buildConfigurationList = BE3CEF651B37ADCE00E5B98C /* Build configuration list for PBXNativeTarget "installSDK" */;
			buildPhases = (
				68E8F0B519E7FA6A1A0BA9B4 /* Check Pods Manifest.lock */,
				BE3CEF3E1B37ADCE00E5B98C /* Sources */,
				BE3CEF3F1B37ADCE00E5B98C /* Frameworks */,
				BE3CEF401B37ADCE00E5B98C /* Resources */,
				02054478F3CBEDF557F65741 /* Embed Pods Frameworks */,
				EFA0FB47ED8E14BF4437822B /* Copy Pods Resources */,
			);
			buildRules = (
			);
			dependencies = (
			);
			name = installSDK;
			productName = installSDK;
			productReference = BE3CEF421B37ADCE00E5B98C /* installSDK.app */;
			productType = "com.apple.product-type.application";
		};
		BE3CEF5A1B37ADCE00E5B98C /* installSDKTests */ = {
			isa = PBXNativeTarget;
			buildConfigurationList = BE3CEF681B37ADCE00E5B98C /* Build configuration list for PBXNativeTarget "installSDKTests" */;
			buildPhases = (
				BE3CEF571B37ADCE00E5B98C /* Sources */,
				BE3CEF581B37ADCE00E5B98C /* Frameworks */,
				BE3CEF591B37ADCE00E5B98C /* Resources */,
			);
			buildRules = (
			);
			dependencies = (
				BE3CEF5D1B37ADCE00E5B98C /* PBXTargetDependency */,
			);
			name = installSDKTests;
			productName = installSDKTests;
			productReference = BE3CEF5B1B37ADCE00E5B98C /* installSDKTests.xctest */;
			productType = "com.apple.product-type.bundle.unit-test";
		};
/* End PBXNativeTarget section */

/* Begin PBXProject section */
		BE3CEF3A1B37ADCE00E5B98C /* Project object */ = {
			isa = PBXProject;
			attributes = {
				LastUpgradeCheck = 0610;
				ORGANIZATIONNAME = tunguyen;
				TargetAttributes = {
					BE3CEF411B37ADCE00E5B98C = {
						CreatedOnToolsVersion = 6.1;
					};
					BE3CEF5A1B37ADCE00E5B98C = {
						CreatedOnToolsVersion = 6.1;
						TestTargetID = BE3CEF411B37ADCE00E5B98C;
					};
				};
			};
			buildConfigurationList = BE3CEF3D1B37ADCE00E5B98C /* Build configuration list for PBXProject "installSDK" */;
			compatibilityVersion = "Xcode 3.2";
			developmentRegion = English;
			hasScannedForEncodings = 0;
			knownRegions = (
				en,
				Base,
			);
			mainGroup = BE3CEF391B37ADCE00E5B98C;
			productRefGroup = BE3CEF431B37ADCE00E5B98C /* Products */;
			projectDirPath = "";
			projectRoot = "";
			targets = (
				BE3CEF411B37ADCE00E5B98C /* installSDK */,
				BE3CEF5A1B37ADCE00E5B98C /* installSDKTests */,
			);
		};
/* End PBXProject section */

/* Begin PBXResourcesBuildPhase section */
		BE3CEF401B37ADCE00E5B98C /* Resources */ = {
			isa = PBXResourcesBuildPhase;
			buildActionMask = 2147483647;
			files = (
				BE3CEF511B37ADCE00E5B98C /* Main.storyboard in Resources */,
				BE3CEF561B37ADCE00E5B98C /* LaunchScreen.xib in Resources */,
				BE3CEF531B37ADCE00E5B98C /* Images.xcassets in Resources */,
			);
			runOnlyForDeploymentPostprocessing = 0;
		};
		BE3CEF591B37ADCE00E5B98C /* Resources */ = {
			isa = PBXResourcesBuildPhase;
			buildActionMask = 2147483647;
			files = (
			);
			runOnlyForDeploymentPostprocessing = 0;
		};
/* End PBXResourcesBuildPhase section */

/* Begin PBXShellScriptBuildPhase section */
		02054478F3CBEDF557F65741 /* Embed Pods Frameworks */ = {
			isa = PBXShellScriptBuildPhase;
			buildActionMask = 2147483647;
			files = (
			);
			inputPaths = (
			);
			name = "Embed Pods Frameworks";
			outputPaths = (
			);
			runOnlyForDeploymentPostprocessing = 0;
			shellPath = /bin/sh;
			shellScript = "\"${SRCROOT}/Pods/Target Support Files/Pods-installSDK/Pods-installSDK-frameworks.sh\"\n";
			showEnvVarsInLog = 0;
		};
		68E8F0B519E7FA6A1A0BA9B4 /* Check Pods Manifest.lock */ = {
			isa = PBXShellScriptBuildPhase;
			buildActionMask = 2147483647;
			files = (
			);
			inputPaths = (
			);
			name = "Check Pods Manifest.lock";
			outputPaths = (
			);
			runOnlyForDeploymentPostprocessing = 0;
			shellPath = /bin/sh;
			shellScript = "diff \"${PODS_ROOT}/../Podfile.lock\" \"${PODS_ROOT}/Manifest.lock\" > /dev/null\nif [[ $? != 0 ]] ; then\n    cat << EOM\nerror: The sandbox is not in sync with the Podfile.lock. Run 'pod install' or update your CocoaPods installation.\nEOM\n    exit 1\nfi\n";
			showEnvVarsInLog = 0;
		};
		EFA0FB47ED8E14BF4437822B /* Copy Pods Resources */ = {
			isa = PBXShellScriptBuildPhase;
			buildActionMask = 2147483647;
			files = (
			);
			inputPaths = (
			);
			name = "Copy Pods Resources";
			outputPaths = (
			);
			runOnlyForDeploymentPostprocessing = 0;
			shellPath = /bin/sh;
			shellScript = "\"${SRCROOT}/Pods/Target Support Files/Pods-installSDK/Pods-installSDK-resources.sh\"\n";
			showEnvVarsInLog = 0;
		};
/* End PBXShellScriptBuildPhase section */

/* Begin PBXSourcesBuildPhase section */
		BE3CEF3E1B37ADCE00E5B98C /* Sources */ = {
			isa = PBXSourcesBuildPhase;
			buildActionMask = 2147483647;
			files = (
				BE3CEF4E1B37ADCE00E5B98C /* ViewController.m in Sources */,
				BE3CEF4B1B37ADCE00E5B98C /* AppDelegate.m in Sources */,
				BE3CEF481B37ADCE00E5B98C /* main.m in Sources */,
			);
			runOnlyForDeploymentPostprocessing = 0;
		};
		BE3CEF571B37ADCE00E5B98C /* Sources */ = {
			isa = PBXSourcesBuildPhase;
			buildActionMask = 2147483647;
			files = (
				BE3CEF621B37ADCE00E5B98C /* installSDKTests.m in Sources */,
			);
			runOnlyForDeploymentPostprocessing = 0;
		};
/* End PBXSourcesBuildPhase section */

/* Begin PBXTargetDependency section */
		BE3CEF5D1B37ADCE00E5B98C /* PBXTargetDependency */ = {
			isa = PBXTargetDependency;
			target = BE3CEF411B37ADCE00E5B98C /* installSDK */;
			targetProxy = BE3CEF5C1B37ADCE00E5B98C /* PBXContainerItemProxy */;
		};
/* End PBXTargetDependency section */

/* Begin PBXVariantGroup section */
		BE3CEF4F1B37ADCE00E5B98C /* Main.storyboard */ = {
			isa = PBXVariantGroup;
			children = (
				BE3CEF501B37ADCE00E5B98C /* Base */,
			);
			name = Main.storyboard;
			sourceTree = "<group>";
		};
		BE3CEF541B37ADCE00E5B98C /* LaunchScreen.xib */ = {
			isa = PBXVariantGroup;
			children = (
				BE3CEF551B37ADCE00E5B98C /* Base */,
			);
			name = LaunchScreen.xib;
			sourceTree = "<group>";
		};
/* End PBXVariantGroup section */

/* Begin XCBuildConfiguration section */
		BE3CEF631B37ADCE00E5B98C /* Debug */ = {
			isa = XCBuildConfiguration;
			buildSettings = {
				ALWAYS_SEARCH_USER_PATHS = NO;
				CLANG_CXX_LANGUAGE_STANDARD = "gnu++0x";
				CLANG_CXX_LIBRARY = "libc++";
				CLANG_ENABLE_MODULES = YES;
				CLANG_ENABLE_OBJC_ARC = YES;
				CLANG_WARN_BOOL_CONVERSION = YES;
				CLANG_WARN_CONSTANT_CONVERSION = YES;
				CLANG_WARN_DIRECT_OBJC_ISA_USAGE = YES_ERROR;
				CLANG_WARN_EMPTY_BODY = YES;
				CLANG_WARN_ENUM_CONVERSION = YES;
				CLANG_WARN_INT_CONVERSION = YES;
				CLANG_WARN_OBJC_ROOT_CLASS = YES_ERROR;
				CLANG_WARN_UNREACHABLE_CODE = YES;
				CLANG_WARN__DUPLICATE_METHOD_MATCH = YES;
				"CODE_SIGN_IDENTITY[sdk=iphoneos*]" = "iPhone Developer";
				COPY_PHASE_STRIP = NO;
				ENABLE_STRICT_OBJC_MSGSEND = YES;
				GCC_C_LANGUAGE_STANDARD = gnu99;
				GCC_DYNAMIC_NO_PIC = NO;
				GCC_OPTIMIZATION_LEVEL = 0;
				GCC_PREPROCESSOR_DEFINITIONS = (
					"DEBUG=1",
					"$(inherited)",
				);
				GCC_SYMBOLS_PRIVATE_EXTERN = NO;
				GCC_WARN_64_TO_32_BIT_CONVERSION = YES;
				GCC_WARN_ABOUT_RETURN_TYPE = YES_ERROR;
				GCC_WARN_UNDECLARED_SELECTOR = YES;
				GCC_WARN_UNINITIALIZED_AUTOS = YES_AGGRESSIVE;
				GCC_WARN_UNUSED_FUNCTION = YES;
				GCC_WARN_UNUSED_VARIABLE = YES;
				IPHONEOS_DEPLOYMENT_TARGET = 8.1;
				MTL_ENABLE_DEBUG_INFO = YES;
				ONLY_ACTIVE_ARCH = YES;
				SDKROOT = iphoneos;
			};
			name = Debug;
		};
		BE3CEF641B37ADCE00E5B98C /* Release */ = {
			isa = XCBuildConfiguration;
			buildSettings = {
				ALWAYS_SEARCH_USER_PATHS = NO;
				CLANG_CXX_LANGUAGE_STANDARD = "gnu++0x";
				CLANG_CXX_LIBRARY = "libc++";
				CLANG_ENABLE_MODULES = YES;
				CLANG_ENABLE_OBJC_ARC = YES;
				CLANG_WARN_BOOL_CONVERSION = YES;
				CLANG_WARN_CONSTANT_CONVERSION = YES;
				CLANG_WARN_DIRECT_OBJC_ISA_USAGE = YES_ERROR;
				CLANG_WARN_EMPTY_BODY = YES;
				CLANG_WARN_ENUM_CONVERSION = YES;
				CLANG_WARN_INT_CONVERSION = YES;
				CLANG_WARN_OBJC_ROOT_CLASS = YES_ERROR;
				CLANG_WARN_UNREACHABLE_CODE = YES;
				CLANG_WARN__DUPLICATE_METHOD_MATCH = YES;
				"CODE_SIGN_IDENTITY[sdk=iphoneos*]" = "iPhone Developer";
				COPY_PHASE_STRIP = YES;
				ENABLE_NS_ASSERTIONS = NO;
				ENABLE_STRICT_OBJC_MSGSEND = YES;
				GCC_C_LANGUAGE_STANDARD = gnu99;
				GCC_WARN_64_TO_32_BIT_CONVERSION = YES;
				GCC_WARN_ABOUT_RETURN_TYPE = YES_ERROR;
				GCC_WARN_UNDECLARED_SELECTOR = YES;
				GCC_WARN_UNINITIALIZED_AUTOS = YES_AGGRESSIVE;
				GCC_WARN_UNUSED_FUNCTION = YES;
				GCC_WARN_UNUSED_VARIABLE = YES;
				IPHONEOS_DEPLOYMENT_TARGET = 8.1;
				MTL_ENABLE_DEBUG_INFO = NO;
				SDKROOT = iphoneos;
				VALIDATE_PRODUCT = YES;
			};
			name = Release;
		};
		BE3CEF661B37ADCE00E5B98C /* Debug */ = {
			isa = XCBuildConfiguration;
			baseConfigurationReference = 128B2791F422B01205DCC88D /* Pods-installSDK.debug.xcconfig */;
			buildSettings = {
				ASSETCATALOG_COMPILER_APPICON_NAME = AppIcon;
				INFOPLIST_FILE = installSDK/Info.plist;
				LD_RUNPATH_SEARCH_PATHS = "$(inherited) @executable_path/Frameworks";
				PRODUCT_NAME = "$(TARGET_NAME)";
			};
			name = Debug;
		};
		BE3CEF671B37ADCE00E5B98C /* Release */ = {
			isa = XCBuildConfiguration;
			baseConfigurationReference = 47B4A6B3308766CF8E2CB5E4 /* Pods-installSDK.release.xcconfig */;
			buildSettings = {
				ASSETCATALOG_COMPILER_APPICON_NAME = AppIcon;
				INFOPLIST_FILE = installSDK/Info.plist;
				LD_RUNPATH_SEARCH_PATHS = "$(inherited) @executable_path/Frameworks";
				PRODUCT_NAME = "$(TARGET_NAME)";
			};
			name = Release;
		};
		BE3CEF691B37ADCE00E5B98C /* Debug */ = {
			isa = XCBuildConfiguration;
			buildSettings = {
				BUNDLE_LOADER = "$(TEST_HOST)";
				FRAMEWORK_SEARCH_PATHS = (
					"$(SDKROOT)/Developer/Library/Frameworks",
					"$(inherited)",
				);
				GCC_PREPROCESSOR_DEFINITIONS = (
					"DEBUG=1",
					"$(inherited)",
				);
				INFOPLIST_FILE = installSDKTests/Info.plist;
				LD_RUNPATH_SEARCH_PATHS = "$(inherited) @executable_path/Frameworks @loader_path/Frameworks";
				PRODUCT_NAME = "$(TARGET_NAME)";
				TEST_HOST = "$(BUILT_PRODUCTS_DIR)/installSDK.app/installSDK";
			};
			name = Debug;
		};
		BE3CEF6A1B37ADCE00E5B98C /* Release */ = {
			isa = XCBuildConfiguration;
			buildSettings = {
				BUNDLE_LOADER = "$(TEST_HOST)";
				FRAMEWORK_SEARCH_PATHS = (
					"$(SDKROOT)/Developer/Library/Frameworks",
					"$(inherited)",
				);
				INFOPLIST_FILE = installSDKTests/Info.plist;
				LD_RUNPATH_SEARCH_PATHS = "$(inherited) @executable_path/Frameworks @loader_path/Frameworks";
				PRODUCT_NAME = "$(TARGET_NAME)";
				TEST_HOST = "$(BUILT_PRODUCTS_DIR)/installSDK.app/installSDK";
			};
			name = Release;
		};
/* End XCBuildConfiguration section */

/* Begin XCConfigurationList section */
		BE3CEF3D1B37ADCE00E5B98C /* Build configuration list for PBXProject "installSDK" */ = {
			isa = XCConfigurationList;
			buildConfigurations = (
				BE3CEF631B37ADCE00E5B98C /* Debug */,
				BE3CEF641B37ADCE00E5B98C /* Release */,
			);
			defaultConfigurationIsVisible = 0;
			defaultConfigurationName = Release;
		};
		BE3CEF651B37ADCE00E5B98C /* Build configuration list for PBXNativeTarget "installSDK" */ = {
			isa = XCConfigurationList;
			buildConfigurations = (
				BE3CEF661B37ADCE00E5B98C /* Debug */,
				BE3CEF671B37ADCE00E5B98C /* Release */,
			);
			defaultConfigurationIsVisible = 0;
			defaultConfigurationName = Release;
		};
		BE3CEF681B37ADCE00E5B98C /* Build configuration list for PBXNativeTarget "installSDKTests" */ = {
			isa = XCConfigurationList;
			buildConfigurations = (
				BE3CEF691B37ADCE00E5B98C /* Debug */,
				BE3CEF6A1B37ADCE00E5B98C /* Release */,
			);
			defaultConfigurationIsVisible = 0;
			defaultConfigurationName = Release;
		};
/* End XCConfigurationList section */
	};
	rootObject = BE3CEF3A1B37ADCE00E5B98C /* Project object */;
}
